
Microsoft Visual Studio Solution File, Format Version 12.00
Project("{2150E333-8FDC-42A3-9474-1A3956D46DE8}") = "src", "src", "{F4CF91CD-CB0F-4527-9DDD-6FAD4E1F0664}"
EndProject
Project("{FAE04EC0-301F-11D3-BF4B-00C04F79EFBC}") = "Order.API", "src\Order.API\Order.API.csproj", "{29C0DE46-87CA-429C-AEA0-2C12888BBFC6}"
EndProject
Project("{FAE04EC0-301F-11D3-BF4B-00C04F79EFBC}") = "Order.Application", "src\Order.Application\Order.Application.csproj", "{3E7EA457-7793-499D-9498-4828CE1B6E1B}"
EndProject
Project("{FAE04EC0-301F-11D3-BF4B-00C04F79EFBC}") = "Order.Domain", "src\Order.Domain\Order.Domain.csproj", "{62ADB11B-7F8B-413B-B39E-F58638D1CAFD}"
EndProject
Project("{FAE04EC0-301F-11D3-BF4B-00C04F79EFBC}") = "Order.Domain.Core", "src\Order.Domain.Core\Order.Domain.Core.csproj", "{3EA530E5-8D98-4D0C-BC0A-5FEDA6D1051A}"
EndProject
Project("{FAE04EC0-301F-11D3-BF4B-00C04F79EFBC}") = "Order.Infrastructure", "src\Order.Infrastructure\Order.Infrastructure.csproj", "{935B54BF-4FA8-4EB7-8C19-781A1DCB9F5E}"
EndProject
Project("{FAE04EC0-301F-11D3-BF4B-00C04F79EFBC}") = "Shared", "src\Shared\Shared.csproj", "{2A6F525D-5620-4A60-BF4E-A6EB3DF8AC24}"
EndProject
Global
	GlobalSection(SolutionConfigurationPlatforms) = preSolution
		Debug|Any CPU = Debug|Any CPU
		Release|Any CPU = Release|Any CPU
	EndGlobalSection
	GlobalSection(NestedProjects) = preSolution
		{29C0DE46-87CA-429C-AEA0-2C12888BBFC6} = {F4CF91CD-CB0F-4527-9DDD-6FAD4E1F0664}
		{3E7EA457-7793-499D-9498-4828CE1B6E1B} = {F4CF91CD-CB0F-4527-9DDD-6FAD4E1F0664}
		{62ADB11B-7F8B-413B-B39E-F58638D1CAFD} = {F4CF91CD-CB0F-4527-9DDD-6FAD4E1F0664}
		{3EA530E5-8D98-4D0C-BC0A-5FEDA6D1051A} = {F4CF91CD-CB0F-4527-9DDD-6FAD4E1F0664}
		{935B54BF-4FA8-4EB7-8C19-781A1DCB9F5E} = {F4CF91CD-CB0F-4527-9DDD-6FAD4E1F0664}
		{2A6F525D-5620-4A60-BF4E-A6EB3DF8AC24} = {F4CF91CD-CB0F-4527-9DDD-6FAD4E1F0664}
	EndGlobalSection
	GlobalSection(ProjectConfigurationPlatforms) = postSolution
		{29C0DE46-87CA-429C-AEA0-2C12888BBFC6}.Debug|Any CPU.ActiveCfg = Debug|Any CPU
		{29C0DE46-87CA-429C-AEA0-2C12888BBFC6}.Debug|Any CPU.Build.0 = Debug|Any CPU
		{29C0DE46-87CA-429C-AEA0-2C12888BBFC6}.Release|Any CPU.ActiveCfg = Release|Any CPU
		{29C0DE46-87CA-429C-AEA0-2C12888BBFC6}.Release|Any CPU.Build.0 = Release|Any CPU
		{3E7EA457-7793-499D-9498-4828CE1B6E1B}.Debug|Any CPU.ActiveCfg = Debug|Any CPU
		{3E7EA457-7793-499D-9498-4828CE1B6E1B}.Debug|Any CPU.Build.0 = Debug|Any CPU
		{3E7EA457-7793-499D-9498-4828CE1B6E1B}.Release|Any CPU.ActiveCfg = Release|Any CPU
		{3E7EA457-7793-499D-9498-4828CE1B6E1B}.Release|Any CPU.Build.0 = Release|Any CPU
		{62ADB11B-7F8B-413B-B39E-F58638D1CAFD}.Debug|Any CPU.ActiveCfg = Debug|Any CPU
		{62ADB11B-7F8B-413B-B39E-F58638D1CAFD}.Debug|Any CPU.Build.0 = Debug|Any CPU
		{62ADB11B-7F8B-413B-B39E-F58638D1CAFD}.Release|Any CPU.ActiveCfg = Release|Any CPU
		{62ADB11B-7F8B-413B-B39E-F58638D1CAFD}.Release|Any CPU.Build.0 = Release|Any CPU
		{3EA530E5-8D98-4D0C-BC0A-5FEDA6D1051A}.Debug|Any CPU.ActiveCfg = Debug|Any CPU
		{3EA530E5-8D98-4D0C-BC0A-5FEDA6D1051A}.Debug|Any CPU.Build.0 = Debug|Any CPU
		{3EA530E5-8D98-4D0C-BC0A-5FEDA6D1051A}.Release|Any CPU.ActiveCfg = Release|Any CPU
		{3EA530E5-8D98-4D0C-BC0A-5FEDA6D1051A}.Release|Any CPU.Build.0 = Release|Any CPU
		{935B54BF-4FA8-4EB7-8C19-781A1DCB9F5E}.Debug|Any CPU.ActiveCfg = Debug|Any CPU
		{935B54BF-4FA8-4EB7-8C19-781A1DCB9F5E}.Debug|Any CPU.Build.0 = Debug|Any CPU
		{935B54BF-4FA8-4EB7-8C19-781A1DCB9F5E}.Release|Any CPU.ActiveCfg = Release|Any CPU
		{935B54BF-4FA8-4EB7-8C19-781A1DCB9F5E}.Release|Any CPU.Build.0 = Release|Any CPU
		{2A6F525D-5620-4A60-BF4E-A6EB3DF8AC24}.Debug|Any CPU.ActiveCfg = Debug|Any CPU
		{2A6F525D-5620-4A60-BF4E-A6EB3DF8AC24}.Debug|Any CPU.Build.0 = Debug|Any CPU
		{2A6F525D-5620-4A60-BF4E-A6EB3DF8AC24}.Release|Any CPU.ActiveCfg = Release|Any CPU
		{2A6F525D-5620-4A60-BF4E-A6EB3DF8AC24}.Release|Any CPU.Build.0 = Release|Any CPU
	EndGlobalSection
EndGlobal
